version = 1
revision = 3
requires-python = ">=3.12"

[[package]]
name = "auto-speaker-control"
version = "0.1.0"
source = { virtual = "." }
dependencies = [
    { name = "tapo" },
]

[package.metadata]
requires-dist = [{ name = "tapo", specifier = ">=0.8.12" }]

[[package]]
name = "tapo"
version = "0.8.12"
source = { registry = "https://pypi.org/simple" }
sdist = { url = "https://files.pythonhosted.org/packages/96/3d/9e6d0907ce2583faf00d804d8080fcd556336e8e85fe9b6ca5c60040c0d1/tapo-0.8.12.tar.gz", hash = "sha256:ef0adc30ec21e793b8dfaeef8f42a042f93ae362ec3519f99add6198a8a2257d", size = 169105, upload-time = "2026-03-11T15:12:16.256Z" }
wheels = [
    { url = "https://files.pythonhosted.org/packages/e6/f9/a8343e595f3c9896d1468a67448d71ab251e84d09fe1a4daec89b51de2ed/tapo-0.8.12-cp312-cp312-macosx_10_12_x86_64.whl", hash = "sha256:b91543457ce8863aa6843b3dd61a5cfa7ac54effecc58dce7c5c4741ba918be1", size = 3935303, upload-time = "2026-03-11T14:52:15.22Z" },
    { url = "https://files.pythonhosted.org/packages/0b/4a/3c025a0e3ee0656e6ab125fb2c47fd702ec9822e5cd2a2fd75ba0d6a19ba/tapo-0.8.12-cp312-cp312-macosx_11_0_arm64.whl", hash = "sha256:f316be7c2eaf6ecce850c70bdf9a574f219842c3acf311aabe8becdb4e87bedc", size = 3887706, upload-time = "2026-03-11T14:52:42.821Z" },
    { url = "https://files.pythonhosted.org/packages/ee/52/6e9558e544806fa9e29b4e52a1ad43ae9deca50ac27322c29024128bceee/tapo-0.8.12-cp312-cp312-manylinux_2_17_aarch64.manylinux2014_aarch64.whl", hash = "sha256:2d54e71e68a7f30de12f0ddf0b67e1d12329073241e84884dd8be1fb1c4979d4", size = 4241449, upload-time = "2026-03-11T14:52:25.942Z" },
    { url = "https://files.pythonhosted.org/packages/43/55/04493d6b919f0adb16ad9629554a7ee7be67cc300260e10eff2d20b143ed/tapo-0.8.12-cp312-cp312-manylinux_2_17_armv7l.manylinux2014_armv7l.whl", hash = "sha256:b95bdb4fe80343304c5ac03eb309b51d65707bc8edb3e410a1ae83f78a3d6ec6", size = 4099732, upload-time = "2026-03-11T15:12:56.88Z" },
    { url = "https://files.pythonhosted.org/packages/ae/76/6c159f628d6c0e89a7551a44a374230a1a1c5fdfac11d0ebbbe82dbad54c/tapo-0.8.12-cp312-cp312-manylinux_2_17_i686.manylinux2014_i686.whl", hash = "sha256:a5defc1ea4938d6de322a8e4be8f4613949c5b5f5f8bacfdc1e8303fbe09c582", size = 4459769, upload-time = "2026-03-11T15:13:03.925Z" },
    { url = "https://files.pythonhosted.org/packages/15/7d/455178d07b0f3ef6253f7c669dd30de029ea402cf03710caa9d8957cfb4a/tapo-0.8.12-cp312-cp312-manylinux_2_17_ppc64le.manylinux2014_ppc64le.whl", hash = "sha256:5cce879b14b3962a8576dbecf61c6b7b6df66d9f9790651954a0e9d787279671", size = 4609483, upload-time = "2026-03-11T15:12:06.204Z" },
    { url = "https://files.pythonhosted.org/packages/8f/6a/44e66267ebab537ac0a7ee0fa804133125b1ae7ffc8ada37a00733e82c03/tapo-0.8.12-cp312-cp312-manylinux_2_17_s390x.manylinux2014_s390x.whl", hash = "sha256:f6aa3f38d471c74abf21dc9b67ca91b50f1bab697328f3db58430d1db7f7ae4a", size = 4441614, upload-time = "2026-03-11T15:12:48.164Z" },
    { url = "https://files.pythonhosted.org/packages/01/52/867da271f43ddb3bde7bc2dfa08dd74c6833b55f716d68e9d90b14fe82ba/tapo-0.8.12-cp312-cp312-manylinux_2_17_x86_64.manylinux2014_x86_64.whl", hash = "sha256:57aaab2a72eebdc0380099e92b223f47b069469fe05462a2eaf9542a150da203", size = 4088684, upload-time = "2026-03-11T14:52:21.535Z" },
    { url = "https://files.pythonhosted.org/packages/8b/c7/ac2d5fb89e8747cbbce976fbf8f2873c45766bda661f90e174d12f12442d/tapo-0.8.12-cp312-cp312-musllinux_1_2_aarch64.whl", hash = "sha256:131536242fbb521b257e0c805d4f8736f42eb8e2a90cc96c04fb5fceae2fea89", size = 4418267, upload-time = "2026-03-11T14:52:32.178Z" },
    { url = "https://files.pythonhosted.org/packages/ac/75/2ffab5f2e05b1943168ead518b8ee22b6549fed08128a541edccc9baf748/tapo-0.8.12-cp312-cp312-musllinux_1_2_armv7l.whl", hash = "sha256:c43e9d2e9e08c4e0ce21e67e67e9c3f3b54eec355c4d0894a1df24b2142b1aa4", size = 4375275, upload-time = "2026-03-11T14:52:07.515Z" },
    { url = "https://files.pythonhosted.org/packages/84/7a/45a5e1c900753e392d5e356a34196d320c8f6eff94d356ba47823836e20d/tapo-0.8.12-cp312-cp312-musllinux_1_2_i686.whl", hash = "sha256:511b5b57d004d1bb359705ba51e7f9204a39fc1370c3cc3a02784e64ef15f609", size = 4497992, upload-time = "2026-03-11T15:12:03.102Z" },
    { url = "https://files.pythonhosted.org/packages/b5/2c/bd3d17bb86d9a2a6e1fd533fb4063f85b090f28c6e7a53b040b2254d07a5/tapo-0.8.12-cp312-cp312-musllinux_1_2_x86_64.whl", hash = "sha256:81bf3002c5cb57099077bd074c38305ae6c9d443528b172d3cca293366a48d26", size = 4479438, upload-time = "2026-03-11T15:13:25.517Z" },
    { url = "https://files.pythonhosted.org/packages/bc/42/89403620bb5fa12da0cd52360586e9fdfc3997c19ce5f3c26d6c6a92f8be/tapo-0.8.12-cp312-cp312-win_amd64.whl", hash = "sha256:73758345c33f2d51430cdb7cab3ba9fbd949eb89167edebca9ff5baf757b8f15", size = 3566997, upload-time = "2026-03-11T14:52:11.842Z" },
    { url = "https://files.pythonhosted.org/packages/8f/40/83b3386a458f93f7e3f8af95b3be1f384cb03c4c500e026564a62ea6d3c7/tapo-0.8.12-cp312-cp312-win_arm64.whl", hash = "sha256:fc3fe25ad5acc4776ce3f933d5945448fe29ec7b5779fd1296793b2705f80bf9", size = 3316580, upload-time = "2026-03-11T15:11:57.918Z" },
    { url = "https://files.pythonhosted.org/packages/a7/57/997c2dae3ebe12b367483afa35b5e68058faa72e4d2e614be84e1dab1225/tapo-0.8.12-cp313-cp313-macosx_10_12_x86_64.whl", hash = "sha256:1d81c0758d48737c5a2a5523632d056380e1614db69ee6f22c9fa5b954fb6255", size = 3934622, upload-time = "2026-03-11T15:13:29.256Z" },
    { url = "https://files.pythonhosted.org/packages/7b/6d/3bc3ce171756b3808ac3998c4ff654d15476b535a49da8c847760112e553/tapo-0.8.12-cp313-cp313-macosx_11_0_arm64.whl", hash = "sha256:9bd18caf0e9f79ee65e6a91545b5f4160d802972008d7ad43ee6860d4597b1a8", size = 3886596, upload-time = "2026-03-11T15:12:28.382Z" },
    { url = "https://files.pythonhosted.org/packages/0d/2b/ba56c8c3c9334776f03cc01d4d0aa23f906af746b038d62eb6e997b0876d/tapo-0.8.12-cp313-cp313-manylinux_2_17_aarch64.manylinux2014_aarch64.whl", hash = "sha256:fc92eace2f04471bf5687bc5281efd5de5d3530fdae40a5621e655a6ee5f302a", size = 4240957, upload-time = "2026-03-11T15:12:13.473Z" },
    { url = "https://files.pythonhosted.org/packages/dd/9d/900aad5292ebb5b189ab4b90d98b246f0ced75891f6aaff93b5fa8020f26/tapo-0.8.12-cp313-cp313-manylinux_2_17_armv7l.manylinux2014_armv7l.whl", hash = "sha256:bb86ce594b941ee417426dc9ffdc63521726d9c74a67b354f90ff8a4e999b020", size = 4098945, upload-time = "2026-03-11T15:12:58.572Z" },
    { url = "https://files.pythonhosted.org/packages/d7/99/03187e7b0fae639b8c798d991e94b8e43fb78457a7bf1c1c9958292328a9/tapo-0.8.12-cp313-cp313-manylinux_2_17_i686.manylinux2014_i686.whl", hash = "sha256:b3f01e51517e44d2473360cdb808fc70c190ab246cf22fee5f049ff80ce4ca9d", size = 4459297, upload-time = "2026-03-11T15:13:20.46Z" },
    { url = "https://files.pythonhosted.org/packages/e4/dc/42651410fc7905ebfeff5a95f6da1f7866b5d17d5bb4380a12febcb87984/tapo-0.8.12-cp313-cp313-manylinux_2_17_ppc64le.manylinux2014_ppc64le.whl", hash = "sha256:d8ccdfd662fc5a8ae7d4a9edc35fdd2b5e72ff786699d325f65c124069e34326", size = 4608269, upload-time = "2026-03-11T15:12:46.059Z" },
    { url = "https://files.pythonhosted.org/packages/d6/93/d0a5cc0e607fab2d5d8194e8c6b523bb8b74900dedf5798f2d424e212d04/tapo-0.8.12-cp313-cp313-manylinux_2_17_s390x.manylinux2014_s390x.whl", hash = "sha256:265354aea0c08f0223a5a26a6b8a52716f6df9665139340f1f36e7395bb56f45", size = 4440810, upload-time = "2026-03-11T15:13:02.267Z" },
    { url = "https://files.pythonhosted.org/packages/2c/44/0272166910fbf9290d106ba074712b5c2a40acf6feaaf01b3c308d287244/tapo-0.8.12-cp313-cp313-manylinux_2_17_x86_64.manylinux2014_x86_64.whl", hash = "sha256:845889cdac897863478c56a84aedb24fedef7f7dc07edbc25efea9ff58b9ca09", size = 4088644, upload-time = "2026-03-11T14:52:22.891Z" },
    { url = "https://files.pythonhosted.org/packages/f2/42/a4c8fbbe21d204a20cac13470bc258d65a1f4162fb879c7aad50798a1ed7/tapo-0.8.12-cp313-cp313-musllinux_1_2_aarch64.whl", hash = "sha256:1f7af3938ddd37368a5172fdb1f47896b50ea58f5e05fc2441a8d57e24c06490", size = 4418033, upload-time = "2026-03-11T14:52:18.086Z" },
    { url = "https://files.pythonhosted.org/packages/b5/3b/623cd2e20f7e2a85328c453e171470b4ca2d76a6c85ec40973af255caa1b/tapo-0.8.12-cp313-cp313-musllinux_1_2_armv7l.whl", hash = "sha256:76ec8a1424054d7743ec1f6fb26171f42ffe6c9ea9ccb37109e0e2963d5ca8ac", size = 4374129, upload-time = "2026-03-11T15:12:31.42Z" },
    { url = "https://files.pythonhosted.org/packages/b1/ae/419c960f5caa8c795bebdb0e8f80c71eaf05f126cde8333b75728b8ee6bc/tapo-0.8.12-cp313-cp313-musllinux_1_2_i686.whl", hash = "sha256:99fada5b3ad57431c0c662a5ff13cfbd26bcf62607f681582beea75d694c6bf4", size = 4497538, upload-time = "2026-03-11T14:52:16.58Z" },
    { url = "https://files.pythonhosted.org/packages/bb/ad/5d6614b6cbcd43c662b048597780446e4e60399ed453cae78fc7063a2c6e/tapo-0.8.12-cp313-cp313-musllinux_1_2_x86_64.whl", hash = "sha256:4efb2458eafdf8d9bbb1b3634740be6115c2974daa6362970dbfefc0e899df44", size = 4479012, upload-time = "2026-03-11T14:52:28.861Z" },
    { url = "https://files.pythonhosted.org/packages/5b/74/3e5db747d916b9a15f0930a14e225b3df72ba2d10aa5d7990bb34cda6dfa/tapo-0.8.12-cp313-cp313-win32.whl", hash = "sha256:451bd2b867f298d326eba9c1c649190d8a2bdbedf81628176e9862663a09a2cf", size = 3046307, upload-time = "2026-03-11T15:11:59.665Z" },
    { url = "https://files.pythonhosted.org/packages/85/61/c0dc78fba9aed0582179fd23033639012ed0dd9fe02011507446aa22207f/tapo-0.8.12-cp313-cp313-win_amd64.whl", hash = "sha256:56ca0d02bbd2895a63f3ce111de4e8f03b9b51dd66bbc855225ef15719889ca1", size = 3566907, upload-time = "2026-03-11T15:12:14.956Z" },
    { url = "https://files.pythonhosted.org/packages/38/dd/f1dae7753457d14f442da8f121860fb9c3db6fd83121369337cafabed0b9/tapo-0.8.12-cp313-cp313-win_arm64.whl", hash = "sha256:bb294e7c474171023a3b9887bc77ef1f71dbee04b865f41da88b60bfa9ba91a5", size = 3315916, upload-time = "2026-03-11T15:12:01.348Z" },
    { url = "https://files.pythonhosted.org/packages/c4/c3/76c95d1a98d3daa4a1eaf33207138fa161e3712ba62c00aa68073cd9617a/tapo-0.8.12-cp313-cp313t-manylinux_2_17_aarch64.manylinux2014_aarch64.whl", hash = "sha256:ac7ebff61af0bc6bdd53668c27fb6d169a6452cd8cea2b66998d8a50691792ee", size = 4229810, upload-time = "2026-03-11T14:52:41.552Z" },
    { url = "https://files.pythonhosted.org/packages/a8/6c/acc9e3ac58e83d2594b9f92f0cf97ce5163423e1e84f13b23b9c403912c6/tapo-0.8.12-cp313-cp313t-manylinux_2_17_armv7l.manylinux2014_armv7l.whl", hash = "sha256:421561ecd60e84aa6a5ff54bbc74ab11283bad3cc72f0cc066e12d64ead84280", size = 4106690, upload-time = "2026-03-11T15:13:11.181Z" },
    { url = "https://files.pythonhosted.org/packages/89/d9/b834463d99123e5d4f01c540b5f145b79ddfbc6dffdc4e64ce4ecac9897b/tapo-0.8.12-cp313-cp313t-manylinux_2_17_ppc64le.manylinux2014_ppc64le.whl", hash = "sha256:7dd520f3621352964ac8cbcb22a3b69359cb0ccacd5558ea2e00f79b227cc728", size = 4595430, upload-time = "2026-03-11T15:13:09.566Z" },
    { url = "https://files.pythonhosted.org/packages/82/27/ca4d5f51dffd6119df0075d325ccec0924fac7e7ca8b19490d1a7386caa5/tapo-0.8.12-cp313-cp313t-manylinux_2_17_s390x.manylinux2014_s390x.whl", hash = "sha256:fc3433efd284c6f4774fe0621155ccd816cedb780930f1c8d8ebdb59d067e546", size = 4448104, upload-time = "2026-03-11T15:13:27.354Z" },
    { url = "https://files.pythonhosted.org/packages/ae/12/7faab059b3c38351ecaa22eaf51599794557ba5865b48edf253be1f0df74/tapo-0.8.12-cp313-cp313t-musllinux_1_2_aarch64.whl", hash = "sha256:4a0c6c4ad184107f01c988703993042597887c7a968b51a2eb894290cb0dd8f2", size = 4407564, upload-time = "2026-03-11T15:13:17.008Z" },
    { url = "https://files.pythonhosted.org/packages/b1/a6/0f7e9c3eaba7f12db5f72112685d0282447c8fc777e7c57d8250e3559cef/tapo-0.8.12-cp313-cp313t-musllinux_1_2_armv7l.whl", hash = "sha256:b76c7396871fd6b471eda626a1b92e36fbd484d38aa28ea243d056fd9d8dc4d6", size = 4381855, upload-time = "2026-03-11T15:12:51.526Z" },
    { url = "https://files.pythonhosted.org/packages/0b/8d/4510bd5b26dc15ab69bfc6808168edd5399f1d9d1c81a2670871560817d4/tapo-0.8.12-cp313-cp313t-musllinux_1_2_i686.whl", hash = "sha256:8b7419313f5e1afddf31b2e36b414bb9f86c5d1c5015d4c162be79fc4c807ad3", size = 4502454, upload-time = "2026-03-11T14:52:39.878Z" },
    { url = "https://files.pythonhosted.org/packages/95/72/c8f19a0d1a33a171be2e4794ac282f0c7045e65697a023571fb4e63a344e/tapo-0.8.12-cp313-cp313t-musllinux_1_2_x86_64.whl", hash = "sha256:8da6c42ab4fe281aa77d1480b4bb0729d9f84ce0dd892dd5a1a5f1ee3ab5d094", size = 4481613, upload-time = "2026-03-11T15:12:17.557Z" },
    { url = "https://files.pythonhosted.org/packages/0a/a4/5c153916b0a2b87c48842a06bf092cb8111020cc02ac6516f0e74ffb7f7c/tapo-0.8.12-cp314-cp314-macosx_10_12_x86_64.whl", hash = "sha256:aa488331e803d8977ac9e2e75fa9db39fe58bbd590788a8a450ae1c8b39d6e02", size = 3950483, upload-time = "2026-03-11T15:12:29.886Z" },
    { url = "https://files.pythonhosted.org/packages/b4/18/46f3c8cc3102ec0425fa966f03a562c014fff2be71f0f2d3bc2a511558e4/tapo-0.8.12-cp314-cp314-macosx_11_0_arm64.whl", hash = "sha256:afc2db96c6214cda476842b1e523e7bea58197c259161035156c9d2b3f46cc83", size = 3889737, upload-time = "2026-03-11T15:12:33.253Z" },
    { url = "https://files.pythonhosted.org/packages/e8/ad/05336738849b23add9e68836b976bb44464717d9c8d46b07385072703b76/tapo-0.8.12-cp314-cp314-manylinux_2_17_aarch64.manylinux2014_aarch64.whl", hash = "sha256:85f50316170c6e541341decc0fe6bc5d9af3b3a3fc1129aaed548b7730006fd4", size = 4244254, upload-time = "2026-03-11T14:52:02.973Z" },
    { url = "https://files.pythonhosted.org/packages/96/88/fe8c28a5e027767702703752b3bb0729a7c0007d8036f4480b385e619656/tapo-0.8.12-cp314-cp314-manylinux_2_17_armv7l.manylinux2014_armv7l.whl", hash = "sha256:74eacb188722abce06dbb290c26203c03589880548664ef75916358902dc9062", size = 4100495, upload-time = "2026-03-11T14:52:04.969Z" },
    { url = "https://files.pythonhosted.org/packages/72/e2/f04e6fa64f77a637a0e83428efc34b66d391886510748f29ee906997399a/tapo-0.8.12-cp314-cp314-manylinux_2_17_i686.manylinux2014_i686.whl", hash = "sha256:811e65cbab23ee8eb924c688aea59295c057572c762bdfcc6c4bdca9be802081", size = 4456570, upload-time = "2026-03-11T15:13:22.035Z" },
    { url = "https://files.pythonhosted.org/packages/99/48/428522f209691f8948b6b9b0983126651c0b879134b4fae20b9ef77f8051/tapo-0.8.12-cp314-cp314-manylinux_2_17_ppc64le.manylinux2014_ppc64le.whl", hash = "sha256:2e2c8a4ce87824f0788ac3eccf76f65748ae66217666205b3c28835881b04eca", size = 4616922, upload-time = "2026-03-11T15:13:12.721Z" },
    { url = "https://files.pythonhosted.org/packages/7c/c1/5a4035578d9f4cf174b9075e7a78386aa94046e5dc76c405d4dd9c31ac87/tapo-0.8.12-cp314-cp314-manylinux_2_17_s390x.manylinux2014_s390x.whl", hash = "sha256:0c42334cac85150c56e6ade4b932b04d072d5c7733b309357a5ad68a462eaafb", size = 4458767, upload-time = "2026-03-11T15:12:49.9Z" },
    { url = "https://files.pythonhosted.org/packages/98/65/2bb32b1351c0963849d545b7edb0d57bbf2cbbd502f4dc1d3ae3c95b0ec6/tapo-0.8.12-cp314-cp314-manylinux_2_17_x86_64.manylinux2014_x86_64.whl", hash = "sha256:f32dcf1d33d4c63889e890887ed55300633c0d126172d594141a72558d75113b", size = 4087007, upload-time = "2026-03-11T15:12:20.858Z" },
    { url = "https://files.pythonhosted.org/packages/49/28/70fcb9c946dd87ca9aa903521b73b3e7ac17210db706b6e378178b4f2f52/tapo-0.8.12-cp314-cp314-musllinux_1_2_aarch64.whl", hash = "sha256:0c219aec607fff71dbbae1f30fbd3008c49f0e42d697e8a3f1938dcc6569bad4", size = 4428609, upload-time = "2026-03-11T14:52:34.972Z" },
    { url = "https://files.pythonhosted.org/packages/0e/40/62d8f9414c7c36117d68176f6addf47c90295abafbaa34b55aeb7d209cd9/tapo-0.8.12-cp314-cp314-musllinux_1_2_armv7l.whl", hash = "sha256:b0c963b1fbd3a859d7f6d72e7995cc3c0001af2738626ca2fbe44e4a56835b0e", size = 4382372, upload-time = "2026-03-11T15:13:07.933Z" },
    { url = "https://files.pythonhosted.org/packages/7c/2e/7938c891c797b97e98c8a93c9d038ea9e0ff3f9e856d2956edc2b78d3765/tapo-0.8.12-cp314-cp314-musllinux_1_2_i686.whl", hash = "sha256:0c6babe72eb62d1bc77b20a6db8987f0076e91cd5567646e7208dc6ffd3bb4e5", size = 4503974, upload-time = "2026-03-11T15:12:10.112Z" },
    { url = "https://files.pythonhosted.org/packages/6b/06/9bc1e0561ac8b75ada9374738334dd5c36baba196545f65025b964beae48/tapo-0.8.12-cp314-cp314-musllinux_1_2_x86_64.whl", hash = "sha256:ee7a721250c9f0d4bf25206afb866d695fc20e3c9a2784b13755acbc99c2ab2d", size = 4473838, upload-time = "2026-03-11T15:12:35.324Z" },
    { url = "https://files.pythonhosted.org/packages/51/b7/c2b08bce5e3f9e33b32c514889e0327021bf52e605b35f887d9ebd802978/tapo-0.8.12-cp314-cp314-win_amd64.whl", hash = "sha256:fc9ec510e7c0d17f97d7342572347f9d53934410a02f97c849e3e5bbc1a6ad8e", size = 3562467, upload-time = "2026-03-11T15:12:54.85Z" },
    { url = "https://files.pythonhosted.org/packages/e7/f0/9b0c1f2e1c84425df0c0309c86cf4a166babf1e7011d1ddd793907284ad0/tapo-0.8.12-cp314-cp314-win_arm64.whl", hash = "sha256:780b3cdf933ab32605c6550ec01c82804b53bfd0cdd9603eb191a1a39d722199", size = 3330952, upload-time = "2026-03-11T14:52:08.902Z" },
    { url = "https://files.pythonhosted.org/packages/6b/1c/c78850aa8503965bb7116d06dd9fdb3150e990c58046bed6aa54bb28682d/tapo-0.8.12-cp314-cp314t-manylinux_2_17_aarch64.manylinux2014_aarch64.whl", hash = "sha256:882c503e5a637a226c455d8da6950699faa5c332d0b04251c48732b9330237eb", size = 4232977, upload-time = "2026-03-11T15:12:44.423Z" },
    { url = "https://files.pythonhosted.org/packages/97/99/fd4e84a9a4816be9d9508f68fe5c55f38b079db059261c9f6dc68c051533/tapo-0.8.12-cp314-cp314t-manylinux_2_17_armv7l.manylinux2014_armv7l.whl", hash = "sha256:9e4f81c10f2018da7a46273d38b7de98f0a9f57fb24ccd0cf82be830c487b21a", size = 4095814, upload-time = "2026-03-11T15:13:30.796Z" },
    { url = "https://files.pythonhosted.org/packages/2b/1b/e4c880763435cbed00389902c18f4de10d8ddd2fcbc224f79a267aafdbd7/tapo-0.8.12-cp314-cp314t-manylinux_2_17_ppc64le.manylinux2014_ppc64le.whl", hash = "sha256:3b38eb8afe370a263f2c44f9bc07503651e60e00c69f649d9a2091094d5976ad", size = 4600251, upload-time = "2026-03-11T14:52:33.562Z" },
    { url = "https://files.pythonhosted.org/packages/ea/5b/99d646c17f11678eb11073a809fb848f644931107ca42bd646f6d8194944/tapo-0.8.12-cp314-cp314t-manylinux_2_17_s390x.manylinux2014_s390x.whl", hash = "sha256:14f89ef1e849da7f32fd155ac16aa66dd3885384b21bb311d9c68d351ad755d2", size = 4448343, upload-time = "2026-03-11T14:52:27.349Z" },
    { url = "https://files.pythonhosted.org/packages/44/ab/16e2145ecd746ae535ff0e72d1946d02deb8296f20495e47eb08211b1e57/tapo-0.8.12-cp314-cp314t-musllinux_1_2_aarch64.whl", hash = "sha256:b19085dcd16641bc4d221ab02b3115943cd3ed6c55223e394ded858464f73f8f", size = 4417404, upload-time = "2026-03-11T15:13:00.658Z" },
    { url = "https://files.pythonhosted.org/packages/07/c8/b47f907a9f08a5d275f05df57d6799d9681f3a59b32116c2bd844b81323d/tapo-0.8.12-cp314-cp314t-musllinux_1_2_armv7l.whl", hash = "sha256:b9c305bc9e8e5aa6ee456947c039cd5f7d91afd63172456df765179a36fe6827", size = 4372548, upload-time = "2026-03-11T14:52:38.377Z" },
    { url = "https://files.pythonhosted.org/packages/36/6b/f6c984ffde1489335afc89ef094993dd2046e6f3b4b5409314224a40fcb6/tapo-0.8.12-cp314-cp314t-musllinux_1_2_i686.whl", hash = "sha256:6aa59207d58846a8ad8d2cfa76d277ed9fc1183182932464137704609806b8d4", size = 4505409, upload-time = "2026-03-11T15:12:11.914Z" },
    { url = "https://files.pythonhosted.org/packages/c6/af/96b7058a4c6bb61d4977bbb748ac8dbb4ce39b8f08e34d959a8e89213ace/tapo-0.8.12-cp314-cp314t-musllinux_1_2_x86_64.whl", hash = "sha256:459e9ca66c937db4e821758e93c4159c16130ccc727b26341367364ae5713978", size = 4481540, upload-time = "2026-03-11T14:52:10.581Z" },
]
